
Microsoft Visual Studio Solution File, Format Version 12.00
# Visual Studio 14
VisualStudioVersion = 14.0.25123.0
MinimumVisualStudioVersion = 10.0.40219.1
Project("{A07B5EB6-E848-4116-A8D0-A826331D98C6}") = "ServiceFabricApplication", "ServiceFabricApplication\ServiceFabricApplication.sfproj", "{D0D036AB-2838-4A9D-AD9B-E990D93FDE6C}"
EndProject
Project("{FAE04EC0-301F-11D3-BF4B-00C04F79EFBC}") = "MeterSimulatorActor", "MeterSimulatorActor\MeterSimulatorActor.csproj", "{074B8F32-6B0E-412E-A7D1-CF09CC127EAB}"
EndProject
Project("{FAE04EC0-301F-11D3-BF4B-00C04F79EFBC}") = "MeterSimulatorActor.Interfaces", "MeterSimulatorActor.Interfaces\MeterSimulatorActor.Interfaces.csproj", "{6E06E485-CE3D-4EE8-9421-B76901E91628}"
EndProject
Project("{182E2583-ECAD-465B-BB50-91101D7C24CE}") = "USQLApplication", "USQLApplication\USQLApplication.usqlproj", "{C057BEBE-8C4F-4A0C-9D87-EBE5C6BDD285}"
EndProject
Project("{8BB2217D-0F2D-49D1-97BC-3654ED321F3B}") = "WebApp", "WebApp\WebApp.xproj", "{6451F238-FACC-4C16-8C07-5D50BB5C5F14}"
EndProject
Project("{8BB2217D-0F2D-49D1-97BC-3654ED321F3B}") = "ServiceFabricWeb", "ServiceFabricWeb\ServiceFabricWeb.xproj", "{428B6091-1006-4680-87BB-8E3164AD3F7B}"
EndProject
Project("{FAE04EC0-301F-11D3-BF4B-00C04F79EFBC}") = "BooterActor", "BooterActor\BooterActor.csproj", "{816A4603-9FF1-43CF-B2C3-B6AC2E7B5053}"
EndProject
Project("{FAE04EC0-301F-11D3-BF4B-00C04F79EFBC}") = "BooterActor.Interfaces", "BooterActor.Interfaces\BooterActor.Interfaces.csproj", "{1F1D9DED-4CB6-46D1-ABBD-28587420D56D}"
EndProject
Global
	GlobalSection(SolutionConfigurationPlatforms) = preSolution
		Debug|Any CPU = Debug|Any CPU
		Debug|x64 = Debug|x64
		Release|Any CPU = Release|Any CPU
		Release|x64 = Release|x64
	EndGlobalSection
	GlobalSection(ProjectConfigurationPlatforms) = postSolution
		{D0D036AB-2838-4A9D-AD9B-E990D93FDE6C}.Debug|Any CPU.ActiveCfg = Debug|x64
		{D0D036AB-2838-4A9D-AD9B-E990D93FDE6C}.Debug|x64.ActiveCfg = Debug|x64
		{D0D036AB-2838-4A9D-AD9B-E990D93FDE6C}.Debug|x64.Build.0 = Debug|x64
		{D0D036AB-2838-4A9D-AD9B-E990D93FDE6C}.Debug|x64.Deploy.0 = Debug|x64
		{D0D036AB-2838-4A9D-AD9B-E990D93FDE6C}.Release|Any CPU.ActiveCfg = Release|x64
		{D0D036AB-2838-4A9D-AD9B-E990D93FDE6C}.Release|x64.ActiveCfg = Release|x64
		{D0D036AB-2838-4A9D-AD9B-E990D93FDE6C}.Release|x64.Build.0 = Release|x64
		{D0D036AB-2838-4A9D-AD9B-E990D93FDE6C}.Release|x64.Deploy.0 = Release|x64
		{074B8F32-6B0E-412E-A7D1-CF09CC127EAB}.Debug|Any CPU.ActiveCfg = Debug|x64
		{074B8F32-6B0E-412E-A7D1-CF09CC127EAB}.Debug|x64.ActiveCfg = Debug|x64
		{074B8F32-6B0E-412E-A7D1-CF09CC127EAB}.Debug|x64.Build.0 = Debug|x64
		{074B8F32-6B0E-412E-A7D1-CF09CC127EAB}.Release|Any CPU.ActiveCfg = Release|x64
		{074B8F32-6B0E-412E-A7D1-CF09CC127EAB}.Release|x64.ActiveCfg = Release|x64
		{074B8F32-6B0E-412E-A7D1-CF09CC127EAB}.Release|x64.Build.0 = Release|x64
		{6E06E485-CE3D-4EE8-9421-B76901E91628}.Debug|Any CPU.ActiveCfg = Debug|x64
		{6E06E485-CE3D-4EE8-9421-B76901E91628}.Debug|x64.ActiveCfg = Debug|x64
		{6E06E485-CE3D-4EE8-9421-B76901E91628}.Debug|x64.Build.0 = Debug|x64
		{6E06E485-CE3D-4EE8-9421-B76901E91628}.Release|Any CPU.ActiveCfg = Release|x64
		{6E06E485-CE3D-4EE8-9421-B76901E91628}.Release|x64.ActiveCfg = Release|x64
		{6E06E485-CE3D-4EE8-9421-B76901E91628}.Release|x64.Build.0 = Release|x64
		{C057BEBE-8C4F-4A0C-9D87-EBE5C6BDD285}.Debug|Any CPU.ActiveCfg = Debug|Any CPU
		{C057BEBE-8C4F-4A0C-9D87-EBE5C6BDD285}.Debug|Any CPU.Build.0 = Debug|Any CPU
		{C057BEBE-8C4F-4A0C-9D87-EBE5C6BDD285}.Debug|x64.ActiveCfg = Debug|Any CPU
		{C057BEBE-8C4F-4A0C-9D87-EBE5C6BDD285}.Release|Any CPU.ActiveCfg = Release|Any CPU
		{C057BEBE-8C4F-4A0C-9D87-EBE5C6BDD285}.Release|Any CPU.Build.0 = Release|Any CPU
		{C057BEBE-8C4F-4A0C-9D87-EBE5C6BDD285}.Release|x64.ActiveCfg = Release|Any CPU
		{C057BEBE-8C4F-4A0C-9D87-EBE5C6BDD285}.Release|x64.Build.0 = Release|Any CPU
		{6451F238-FACC-4C16-8C07-5D50BB5C5F14}.Debug|Any CPU.ActiveCfg = Debug|Any CPU
		{6451F238-FACC-4C16-8C07-5D50BB5C5F14}.Debug|Any CPU.Build.0 = Debug|Any CPU
		{6451F238-FACC-4C16-8C07-5D50BB5C5F14}.Debug|x64.ActiveCfg = Debug|Any CPU
		{6451F238-FACC-4C16-8C07-5D50BB5C5F14}.Debug|x64.Build.0 = Debug|Any CPU
		{6451F238-FACC-4C16-8C07-5D50BB5C5F14}.Release|Any CPU.ActiveCfg = Release|Any CPU
		{6451F238-FACC-4C16-8C07-5D50BB5C5F14}.Release|Any CPU.Build.0 = Release|Any CPU
		{6451F238-FACC-4C16-8C07-5D50BB5C5F14}.Release|x64.ActiveCfg = Release|Any CPU
		{6451F238-FACC-4C16-8C07-5D50BB5C5F14}.Release|x64.Build.0 = Release|Any CPU
		{428B6091-1006-4680-87BB-8E3164AD3F7B}.Debug|Any CPU.ActiveCfg = Debug|Any CPU
		{428B6091-1006-4680-87BB-8E3164AD3F7B}.Debug|Any CPU.Build.0 = Debug|Any CPU
		{428B6091-1006-4680-87BB-8E3164AD3F7B}.Debug|x64.ActiveCfg = Debug|Any CPU
		{428B6091-1006-4680-87BB-8E3164AD3F7B}.Debug|x64.Build.0 = Debug|Any CPU
		{428B6091-1006-4680-87BB-8E3164AD3F7B}.Release|Any CPU.ActiveCfg = Release|Any CPU
		{428B6091-1006-4680-87BB-8E3164AD3F7B}.Release|Any CPU.Build.0 = Release|Any CPU
		{428B6091-1006-4680-87BB-8E3164AD3F7B}.Release|x64.ActiveCfg = Release|Any CPU
		{428B6091-1006-4680-87BB-8E3164AD3F7B}.Release|x64.Build.0 = Release|Any CPU
		{816A4603-9FF1-43CF-B2C3-B6AC2E7B5053}.Debug|Any CPU.ActiveCfg = Debug|x64
		{816A4603-9FF1-43CF-B2C3-B6AC2E7B5053}.Debug|x64.ActiveCfg = Debug|x64
		{816A4603-9FF1-43CF-B2C3-B6AC2E7B5053}.Debug|x64.Build.0 = Debug|x64
		{816A4603-9FF1-43CF-B2C3-B6AC2E7B5053}.Release|Any CPU.ActiveCfg = Release|x64
		{816A4603-9FF1-43CF-B2C3-B6AC2E7B5053}.Release|x64.ActiveCfg = Release|x64
		{816A4603-9FF1-43CF-B2C3-B6AC2E7B5053}.Release|x64.Build.0 = Release|x64
		{1F1D9DED-4CB6-46D1-ABBD-28587420D56D}.Debug|Any CPU.ActiveCfg = Debug|x64
		{1F1D9DED-4CB6-46D1-ABBD-28587420D56D}.Debug|x64.ActiveCfg = Debug|x64
		{1F1D9DED-4CB6-46D1-ABBD-28587420D56D}.Debug|x64.Build.0 = Debug|x64
		{1F1D9DED-4CB6-46D1-ABBD-28587420D56D}.Release|Any CPU.ActiveCfg = Release|x64
		{1F1D9DED-4CB6-46D1-ABBD-28587420D56D}.Release|x64.ActiveCfg = Release|x64
		{1F1D9DED-4CB6-46D1-ABBD-28587420D56D}.Release|x64.Build.0 = Release|x64
	EndGlobalSection
	GlobalSection(SolutionProperties) = preSolution
		HideSolutionNode = FALSE
	EndGlobalSection
EndGlobal
